
Microsoft Visual Studio Solution File, Format Version 12.00
# Visual Studio Version 17
VisualStudioVersion = 17.5.33627.172
MinimumVisualStudioVersion = 10.0.40219.1
Project("{FAE04EC0-301F-11D3-BF4B-00C04F79EFBC}") = "P01NewASPNetWebApp", "P01NewASPNetWebApp\P01NewASPNetWebApp.csproj", "{9618F4FE-4B17-455D-8CE5-19B6EC0C2717}"
EndProject
Global
	GlobalSection(SolutionConfigurationPlatforms) = preSolution
		Debug|Any CPU = Debug|Any CPU
		Release|Any CPU = Release|Any CPU
	EndGlobalSection
	GlobalSection(ProjectConfigurationPlatforms) = postSolution
		{9618F4FE-4B17-455D-8CE5-19B6EC0C2717}.Debug|Any CPU.ActiveCfg = Debug|Any CPU
		{9618F4FE-4B17-455D-8CE5-19B6EC0C2717}.Debug|Any CPU.Build.0 = Debug|Any CPU
		{9618F4FE-4B17-455D-8CE5-19B6EC0C2717}.Release|Any CPU.ActiveCfg = Release|Any CPU
		{9618F4FE-4B17-455D-8CE5-19B6EC0C2717}.Release|Any CPU.Build.0 = Release|Any CPU
	EndGlobalSection
	GlobalSection(SolutionProperties) = preSolution
		HideSolutionNode = FALSE
	EndGlobalSection
	GlobalSection(ExtensibilityGlobals) = postSolution
		SolutionGuid = {952ACD32-ACF2-441D-B4D0-E8D8245AA91C}
	EndGlobalSection
EndGlobal
